
Microsoft Visual Studio Solution File, Format Version 12.00
# Visual Studio Version 16
VisualStudioVersion = 16.0.31515.178
MinimumVisualStudioVersion = 10.0.40219.1
Project("{FAE04EC0-301F-11D3-BF4B-00C04F79EFBC}") = "GUI", "GUI\GUI.csproj", "{B06A2AC6-F2C7-4E4D-9E36-2DD14BD2144A}"
EndProject
Project("{FAE04EC0-301F-11D3-BF4B-00C04F79EFBC}") = "BIZ", "BIZ\BIZ.csproj", "{9F4D04B6-4C37-4344-A3B4-6977B7C16413}"
EndProject
Project("{FAE04EC0-301F-11D3-BF4B-00C04F79EFBC}") = "Repository", "Repository\Repository.csproj", "{EF6BAE71-8571-46AB-ACF4-EAD1BC7540F5}"
EndProject
Project("{FAE04EC0-301F-11D3-BF4B-00C04F79EFBC}") = "IO", "IO\IO.csproj", "{87D32CCB-0EC5-467D-831F-F6EB4B021B8C}"
EndProject
Project("{FAE04EC0-301F-11D3-BF4B-00C04F79EFBC}") = "MeatGrossUT", "MeatGrossUT\MeatGrossUT.csproj", "{33509D80-C5B3-4015-8CD6-54F33C87BDE5}"
EndProject
Global
	GlobalSection(SolutionConfigurationPlatforms) = preSolution
		Debug|Any CPU = Debug|Any CPU
		Release|Any CPU = Release|Any CPU
	EndGlobalSection
	GlobalSection(ProjectConfigurationPlatforms) = postSolution
		{B06A2AC6-F2C7-4E4D-9E36-2DD14BD2144A}.Debug|Any CPU.ActiveCfg = Debug|Any CPU
		{B06A2AC6-F2C7-4E4D-9E36-2DD14BD2144A}.Debug|Any CPU.Build.0 = Debug|Any CPU
		{B06A2AC6-F2C7-4E4D-9E36-2DD14BD2144A}.Release|Any CPU.ActiveCfg = Release|Any CPU
		{B06A2AC6-F2C7-4E4D-9E36-2DD14BD2144A}.Release|Any CPU.Build.0 = Release|Any CPU
		{9F4D04B6-4C37-4344-A3B4-6977B7C16413}.Debug|Any CPU.ActiveCfg = Debug|Any CPU
		{9F4D04B6-4C37-4344-A3B4-6977B7C16413}.Debug|Any CPU.Build.0 = Debug|Any CPU
		{9F4D04B6-4C37-4344-A3B4-6977B7C16413}.Release|Any CPU.ActiveCfg = Release|Any CPU
		{9F4D04B6-4C37-4344-A3B4-6977B7C16413}.Release|Any CPU.Build.0 = Release|Any CPU
		{EF6BAE71-8571-46AB-ACF4-EAD1BC7540F5}.Debug|Any CPU.ActiveCfg = Debug|Any CPU
		{EF6BAE71-8571-46AB-ACF4-EAD1BC7540F5}.Debug|Any CPU.Build.0 = Debug|Any CPU
		{EF6BAE71-8571-46AB-ACF4-EAD1BC7540F5}.Release|Any CPU.ActiveCfg = Release|Any CPU
		{EF6BAE71-8571-46AB-ACF4-EAD1BC7540F5}.Release|Any CPU.Build.0 = Release|Any CPU
		{87D32CCB-0EC5-467D-831F-F6EB4B021B8C}.Debug|Any CPU.ActiveCfg = Debug|Any CPU
		{87D32CCB-0EC5-467D-831F-F6EB4B021B8C}.Debug|Any CPU.Build.0 = Debug|Any CPU
		{87D32CCB-0EC5-467D-831F-F6EB4B021B8C}.Release|Any CPU.ActiveCfg = Release|Any CPU
		{87D32CCB-0EC5-467D-831F-F6EB4B021B8C}.Release|Any CPU.Build.0 = Release|Any CPU
		{33509D80-C5B3-4015-8CD6-54F33C87BDE5}.Debug|Any CPU.ActiveCfg = Debug|Any CPU
		{33509D80-C5B3-4015-8CD6-54F33C87BDE5}.Debug|Any CPU.Build.0 = Debug|Any CPU
		{33509D80-C5B3-4015-8CD6-54F33C87BDE5}.Release|Any CPU.ActiveCfg = Release|Any CPU
		{33509D80-C5B3-4015-8CD6-54F33C87BDE5}.Release|Any CPU.Build.0 = Release|Any CPU
	EndGlobalSection
	GlobalSection(SolutionProperties) = preSolution
		HideSolutionNode = FALSE
	EndGlobalSection
	GlobalSection(ExtensibilityGlobals) = postSolution
		SolutionGuid = {127F5D33-1F0A-4A48-A327-53E1C47E3257}
	EndGlobalSection
EndGlobal
