
Microsoft Visual Studio Solution File, Format Version 12.00
# Visual Studio Version 17
VisualStudioVersion = 17.2.32505.173
MinimumVisualStudioVersion = 10.0.40219.1
Project("{FAE04EC0-301F-11D3-BF4B-00C04F79EFBC}") = "RazorPagesMovie", "RazorPagesMovie.csproj", "{B016F8EE-0F82-440C-BE19-186F134B2833}"
EndProject
Global
	GlobalSection(SolutionConfigurationPlatforms) = preSolution
		Debug|Any CPU = Debug|Any CPU
		Release|Any CPU = Release|Any CPU
	EndGlobalSection
	GlobalSection(ProjectConfigurationPlatforms) = postSolution
		{B016F8EE-0F82-440C-BE19-186F134B2833}.Debug|Any CPU.ActiveCfg = Debug|Any CPU
		{B016F8EE-0F82-440C-BE19-186F134B2833}.Debug|Any CPU.Build.0 = Debug|Any CPU
		{B016F8EE-0F82-440C-BE19-186F134B2833}.Release|Any CPU.ActiveCfg = Release|Any CPU
		{B016F8EE-0F82-440C-BE19-186F134B2833}.Release|Any CPU.Build.0 = Release|Any CPU
	EndGlobalSection
	GlobalSection(SolutionProperties) = preSolution
		HideSolutionNode = FALSE
	EndGlobalSection
	GlobalSection(ExtensibilityGlobals) = postSolution
		SolutionGuid = {5F163EB8-5D17-4E3E-AB41-D194E324414C}
	EndGlobalSection
EndGlobal
