
Microsoft Visual Studio Solution File, Format Version 12.00
# Visual Studio Version 16
VisualStudioVersion = 16.0.32002.261
MinimumVisualStudioVersion = 10.0.40219.1
Project("{FAE04EC0-301F-11D3-BF4B-00C04F79EFBC}") = "IO", "IO\IO.csproj", "{1421BF10-958A-4829-876E-12F3CFD14AB2}"
EndProject
Global
	GlobalSection(SolutionConfigurationPlatforms) = preSolution
		Debug|Any CPU = Debug|Any CPU
		Release|Any CPU = Release|Any CPU
	EndGlobalSection
	GlobalSection(ProjectConfigurationPlatforms) = postSolution
		{1421BF10-958A-4829-876E-12F3CFD14AB2}.Debug|Any CPU.ActiveCfg = Debug|Any CPU
		{1421BF10-958A-4829-876E-12F3CFD14AB2}.Debug|Any CPU.Build.0 = Debug|Any CPU
		{1421BF10-958A-4829-876E-12F3CFD14AB2}.Release|Any CPU.ActiveCfg = Release|Any CPU
		{1421BF10-958A-4829-876E-12F3CFD14AB2}.Release|Any CPU.Build.0 = Release|Any CPU
	EndGlobalSection
	GlobalSection(SolutionProperties) = preSolution
		HideSolutionNode = FALSE
	EndGlobalSection
	GlobalSection(ExtensibilityGlobals) = postSolution
		SolutionGuid = {1D1A037A-E3D7-4983-AFF3-C73DB4D08560}
	EndGlobalSection
EndGlobal
