
Microsoft Visual Studio Solution File, Format Version 12.00
# Visual Studio Version 16
VisualStudioVersion = 16.0.31911.196
MinimumVisualStudioVersion = 10.0.40219.1
Project("{FAE04EC0-301F-11D3-BF4B-00C04F79EFBC}") = "GUI", "DataBinding\GUI.csproj", "{EE37DAB5-89B7-46C1-8D16-B0A0A471B05F}"
EndProject
Project("{FAE04EC0-301F-11D3-BF4B-00C04F79EFBC}") = "Repository", "Repository\Repository.csproj", "{96D4439D-FD7F-44BA-AB95-1C53E52B9F1D}"
EndProject
Project("{FAE04EC0-301F-11D3-BF4B-00C04F79EFBC}") = "BIZ", "BIZ\BIZ.csproj", "{7E6A455A-EB93-4F8C-98BA-556D9C9FA6FD}"
EndProject
Global
	GlobalSection(SolutionConfigurationPlatforms) = preSolution
		Debug|Any CPU = Debug|Any CPU
		Release|Any CPU = Release|Any CPU
	EndGlobalSection
	GlobalSection(ProjectConfigurationPlatforms) = postSolution
		{EE37DAB5-89B7-46C1-8D16-B0A0A471B05F}.Debug|Any CPU.ActiveCfg = Debug|Any CPU
		{EE37DAB5-89B7-46C1-8D16-B0A0A471B05F}.Debug|Any CPU.Build.0 = Debug|Any CPU
		{EE37DAB5-89B7-46C1-8D16-B0A0A471B05F}.Release|Any CPU.ActiveCfg = Release|Any CPU
		{EE37DAB5-89B7-46C1-8D16-B0A0A471B05F}.Release|Any CPU.Build.0 = Release|Any CPU
		{96D4439D-FD7F-44BA-AB95-1C53E52B9F1D}.Debug|Any CPU.ActiveCfg = Debug|Any CPU
		{96D4439D-FD7F-44BA-AB95-1C53E52B9F1D}.Debug|Any CPU.Build.0 = Debug|Any CPU
		{96D4439D-FD7F-44BA-AB95-1C53E52B9F1D}.Release|Any CPU.ActiveCfg = Release|Any CPU
		{96D4439D-FD7F-44BA-AB95-1C53E52B9F1D}.Release|Any CPU.Build.0 = Release|Any CPU
		{7E6A455A-EB93-4F8C-98BA-556D9C9FA6FD}.Debug|Any CPU.ActiveCfg = Debug|Any CPU
		{7E6A455A-EB93-4F8C-98BA-556D9C9FA6FD}.Debug|Any CPU.Build.0 = Debug|Any CPU
		{7E6A455A-EB93-4F8C-98BA-556D9C9FA6FD}.Release|Any CPU.ActiveCfg = Release|Any CPU
		{7E6A455A-EB93-4F8C-98BA-556D9C9FA6FD}.Release|Any CPU.Build.0 = Release|Any CPU
	EndGlobalSection
	GlobalSection(SolutionProperties) = preSolution
		HideSolutionNode = FALSE
	EndGlobalSection
	GlobalSection(ExtensibilityGlobals) = postSolution
		SolutionGuid = {9B314E31-6805-42AD-9EF9-3675E7B5FECC}
	EndGlobalSection
EndGlobal
